
Microsoft Visual Studio Solution File, Format Version 12.00
# Visual Studio Version 16
VisualStudioVersion = 16.0.29418.71
MinimumVisualStudioVersion = 10.0.40219.1
Project("{FAE04EC0-301F-11D3-BF4B-00C04F79EFBC}") = "AquilaGUI", "AquilaGUI\AquilaGUI.csproj", "{F20094DC-27D5-4FF8-AA5D-1C27348D2E0E}"
EndProject
Global
	GlobalSection(SolutionConfigurationPlatforms) = preSolution
		Debug|Any CPU = Debug|Any CPU
		Release|Any CPU = Release|Any CPU
	EndGlobalSection
	GlobalSection(ProjectConfigurationPlatforms) = postSolution
		{F20094DC-27D5-4FF8-AA5D-1C27348D2E0E}.Debug|Any CPU.ActiveCfg = Debug|Any CPU
		{F20094DC-27D5-4FF8-AA5D-1C27348D2E0E}.Debug|Any CPU.Build.0 = Debug|Any CPU
		{F20094DC-27D5-4FF8-AA5D-1C27348D2E0E}.Release|Any CPU.ActiveCfg = Release|Any CPU
		{F20094DC-27D5-4FF8-AA5D-1C27348D2E0E}.Release|Any CPU.Build.0 = Release|Any CPU
	EndGlobalSection
	GlobalSection(SolutionProperties) = preSolution
		HideSolutionNode = FALSE
	EndGlobalSection
	GlobalSection(ExtensibilityGlobals) = postSolution
		SolutionGuid = {354407BB-E869-4125-8E66-345C73C6052D}
	EndGlobalSection
EndGlobal
